
Microsoft Visual Studio Solution File, Format Version 12.00
# Visual Studio Version 17
VisualStudioVersion = 17.5.33516.290
MinimumVisualStudioVersion = 10.0.40219.1
Project("{9A19103F-16F7-4668-BE54-9A1E7A4F7556}") = "PWS", "PWS\PWS.csproj", "{B89BA154-7294-4E55-8AE3-534AE2ACDEC2}"
EndProject
Global
	GlobalSection(SolutionConfigurationPlatforms) = preSolution
		Debug|Any CPU = Debug|Any CPU
		Release|Any CPU = Release|Any CPU
	EndGlobalSection
	GlobalSection(ProjectConfigurationPlatforms) = postSolution
		{B89BA154-7294-4E55-8AE3-534AE2ACDEC2}.Debug|Any CPU.ActiveCfg = Debug|Any CPU
		{B89BA154-7294-4E55-8AE3-534AE2ACDEC2}.Debug|Any CPU.Build.0 = Debug|Any CPU
		{B89BA154-7294-4E55-8AE3-534AE2ACDEC2}.Release|Any CPU.ActiveCfg = Release|Any CPU
		{B89BA154-7294-4E55-8AE3-534AE2ACDEC2}.Release|Any CPU.Build.0 = Release|Any CPU
	EndGlobalSection
	GlobalSection(SolutionProperties) = preSolution
		HideSolutionNode = FALSE
	EndGlobalSection
	GlobalSection(ExtensibilityGlobals) = postSolution
		SolutionGuid = {DE0A33CF-43FA-4A0C-89F8-515A72B52D74}
	EndGlobalSection
EndGlobal
